<?xml version="1.0" encoding="utf-8"?>
<Project ToolsVersion="4.0" xmlns="http://schemas.microsoft.com/developer/msbuild/2003">
  <ItemGroup>
    <Filter Include="Source Files">
      <UniqueIdentifier>{4FC737F1-C7A5-4376-A066-2A32D752A2FF}</UniqueIdentifier>
      <Extensions>cpp;c;cc;cxx;c++;cppm;ixx;def;odl;idl;hpj;bat;asm;asmx</Extensions>
    </Filter>
    <Filter Include="Header Files">
      <UniqueIdentifier>{93995380-89BD-4b04-88EB-625FBE52EBFB}</UniqueIdentifier>
      <Extensions>h;hh;hpp;hxx;h++;hm;inl;inc;ipp;xsd</Extensions>
    </Filter>
    <Filter Include="Resource Files">
      <UniqueIdentifier>{67DA6AB6-F800-4c08-8B7A-83BB121AAD01}</UniqueIdentifier>
      <Extensions>rc;ico;cur;bmp;dlg;rc2;rct;bin;rgs;gif;jpg;jpeg;jpe;resx;tiff;tif;png;wav;mfcribbon-ms</Extensions>
    </Filter>
    <Filter Include="Header Files\ztui">
      <UniqueIdentifier>{78aa98ed-2832-4ce9-88c9-14cc84d6e779}</UniqueIdentifier>
    </Filter>
    <Filter Include="Header Files\ztui\style">
      <UniqueIdentifier>{4a1a6738-b4e8-407d-a369-5305a0760303}</UniqueIdentifier>
    </Filter>
    <Filter Include="Header Files\ztui\imgui">
      <UniqueIdentifier>{324ddbeb-c5ee-4934-bb1d-b0f1b0f5d27d}</UniqueIdentifier>
    </Filter>
    <Filter Include="Header Files\ztui\font">
      <UniqueIdentifier>{d0bce9ae-4f55-4fd4-bee1-2aa07a1f45e8}</UniqueIdentifier>
    </Filter>
    <Filter Include="Header Files\zdriver_client">
      <UniqueIdentifier>{ecc58cfc-9e9c-4e14-b05e-4df2cc941098}</UniqueIdentifier>
    </Filter>
  </ItemGroup>
  <ItemGroup>
    <ClInclude Include="ztui\imgui\imstb_truetype.h">
      <Filter>Header Files\ztui\imgui</Filter>
    </ClInclude>
    <ClInclude Include="ztui\imgui\imstb_textedit.h">
      <Filter>Header Files\ztui\imgui</Filter>
    </ClInclude>
    <ClInclude Include="ztui\imgui\imstb_rectpack.h">
      <Filter>Header Files\ztui\imgui</Filter>
    </ClInclude>
    <ClInclude Include="ztui\imgui\imgui_internal.h">
      <Filter>Header Files\ztui\imgui</Filter>
    </ClInclude>
    <ClInclude Include="ztui\imgui\imgui_impl_win32.h">
      <Filter>Header Files\ztui\imgui</Filter>
    </ClInclude>
    <ClInclude Include="ztui\imgui\imgui_impl_dx11.h">
      <Filter>Header Files\ztui\imgui</Filter>
    </ClInclude>
    <ClInclude Include="ztui\imgui\imgui.h">
      <Filter>Header Files\ztui\imgui</Filter>
    </ClInclude>
    <ClInclude Include="ztui\imgui\imconfig.h">
      <Filter>Header Files\ztui\imgui</Filter>
    </ClInclude>
    <ClInclude Include="ztui\font\font_array.h">
      <Filter>Header Files\ztui\font</Filter>
    </ClInclude>
    <ClInclude Include="ztui\font\icons_font_awesome.h">
      <Filter>Header Files\ztui\font</Filter>
    </ClInclude>
    <ClInclude Include="ztui\style\style.h">
      <Filter>Header Files\ztui\style</Filter>
    </ClInclude>
    <ClInclude Include="demo\globals.h">
      <Filter>Header Files</Filter>
    </ClInclude>
    <ClInclude Include="demo\main_menu.h">
      <Filter>Header Files</Filter>
    </ClInclude>
    <ClInclude Include="demo\demo_menu.h">
      <Filter>Header Files</Filter>
    </ClInclude>
    <ClInclude Include="ztui\style\palet.h">
      <Filter>Header Files\ztui\style</Filter>
    </ClInclude>
    <ClInclude Include="demo\drawn_cheat.h">
      <Filter>Header Files</Filter>
    </ClInclude>
    <ClInclude Include="ztui\ztui.h">
      <Filter>Header Files\ztui</Filter>
    </ClInclude>
    <ClInclude Include="ztui\ztui_base.h">
      <Filter>Header Files\ztui</Filter>
    </ClInclude>
    <ClInclude Include="ztui\ztui_exception.h">
      <Filter>Header Files\ztui</Filter>
    </ClInclude>
    <ClInclude Include="ztui\ztui_external.h">
      <Filter>Header Files\ztui</Filter>
    </ClInclude>
    <ClInclude Include="ztui\ztui_struct.h">
      <Filter>Header Files\ztui</Filter>
    </ClInclude>
    <ClInclude Include="ztui\widgets.h">
      <Filter>Header Files\ztui</Filter>
    </ClInclude>
    <ClInclude Include="ztui\style\widgets_style.h">
      <Filter>Header Files\ztui\style</Filter>
    </ClInclude>
    <ClInclude Include="ztdriver\ztdriver_client\ztdriver_client\zdriver_client.hpp">
      <Filter>Header Files\zdriver_client</Filter>
    </ClInclude>
    <ClInclude Include="ztdriver\ztdriver_client\ztdriver_client\zdriver.hpp">
      <Filter>Header Files\zdriver_client</Filter>
    </ClInclude>
    <ClInclude Include="ztdriver\ztdriver_client\ztdriver_client\imports.hpp">
      <Filter>Header Files\zdriver_client</Filter>
    </ClInclude>
    <ClInclude Include="ztdriver\ztdriver_client\ztdriver_client\process_utils.hpp">
      <Filter>Header Files\zdriver_client</Filter>
    </ClInclude>
  </ItemGroup>
  <ItemGroup>
    <ClCompile Include="demo\main.cpp">
      <Filter>Source Files</Filter>
    </ClCompile>
    <ClCompile Include="ztui\imgui\imgui_widgets.cpp">
      <Filter>Header Files\ztui\imgui</Filter>
    </ClCompile>
    <ClCompile Include="ztui\imgui\imgui_tables.cpp">
      <Filter>Header Files\ztui\imgui</Filter>
    </ClCompile>
    <ClCompile Include="ztui\imgui\imgui_impl_dx11.cpp">
      <Filter>Header Files\ztui\imgui</Filter>
    </ClCompile>
    <ClCompile Include="ztui\imgui\imgui_impl_win32.cpp">
      <Filter>Header Files\ztui\imgui</Filter>
    </ClCompile>
    <ClCompile Include="ztui\imgui\imgui_draw.cpp">
      <Filter>Header Files\ztui\imgui</Filter>
    </ClCompile>
    <ClCompile Include="ztui\imgui\imgui_demo.cpp">
      <Filter>Header Files\ztui\imgui</Filter>
    </ClCompile>
    <ClCompile Include="ztui\imgui\imgui.cpp">
      <Filter>Header Files\ztui\imgui</Filter>
    </ClCompile>
    <ClCompile Include="demo\main_menu.cpp">
      <Filter>Source Files</Filter>
    </ClCompile>
    <ClCompile Include="demo\demo_menu.cpp">
      <Filter>Source Files</Filter>
    </ClCompile>
    <ClCompile Include="demo\drawn_cheat.cpp">
      <Filter>Source Files</Filter>
    </ClCompile>
    <ClCompile Include="ztui\ztui_external.cpp">
      <Filter>Header Files\ztui</Filter>
    </ClCompile>
    <ClCompile Include="ztui\ztui_base.cpp">
      <Filter>Header Files\ztui</Filter>
    </ClCompile>
    <ClCompile Include="ztui\ztui.cpp">
      <Filter>Header Files\ztui</Filter>
    </ClCompile>
    <ClCompile Include="ztui\widgets.cpp">
      <Filter>Header Files\ztui</Filter>
    </ClCompile>
    <ClCompile Include="ztui\style\widgets_style.cpp">
      <Filter>Header Files\ztui\style</Filter>
    </ClCompile>
  </ItemGroup>
</Project>