
Microsoft Visual Studio Solution File, Format Version 12.00
# Visual Studio Version 17
VisualStudioVersion = 17.9.34723.18
MinimumVisualStudioVersion = 10.0.40219.1
Project("{8BC9CEB8-8B4A-11D0-8D11-00A0C91BC942}") = "ztui", "ztui.vcxproj", "{A9C2B9C8-38A1-4037-BE59-3C00B2220894}"
EndProject
Global
	GlobalSection(SolutionConfigurationPlatforms) = preSolution
		Debug|x64 = Debug|x64
		Debug|x86 = Debug|x86
		Release|x64 = Release|x64
		Release|x86 = Release|x86
	EndGlobalSection
	GlobalSection(ProjectConfigurationPlatforms) = postSolution
		{A9C2B9C8-38A1-4037-BE59-3C00B2220894}.Debug|x64.ActiveCfg = Debug|x64
		{A9C2B9C8-38A1-4037-BE59-3C00B2220894}.Debug|x64.Build.0 = Debug|x64
		{A9C2B9C8-38A1-4037-BE59-3C00B2220894}.Debug|x86.ActiveCfg = Debug|Win32
		{A9C2B9C8-38A1-4037-BE59-3C00B2220894}.Debug|x86.Build.0 = Debug|Win32
		{A9C2B9C8-38A1-4037-BE59-3C00B2220894}.Release|x64.ActiveCfg = Release|x64
		{A9C2B9C8-38A1-4037-BE59-3C00B2220894}.Release|x64.Build.0 = Release|x64
		{A9C2B9C8-38A1-4037-BE59-3C00B2220894}.Release|x86.ActiveCfg = Release|Win32
		{A9C2B9C8-38A1-4037-BE59-3C00B2220894}.Release|x86.Build.0 = Release|Win32
	EndGlobalSection
	GlobalSection(SolutionProperties) = preSolution
		HideSolutionNode = FALSE
	EndGlobalSection
	GlobalSection(ExtensibilityGlobals) = postSolution
		SolutionGuid = {875D6BEA-7216-460B-AE08-018D6D713E7A}
	EndGlobalSection
EndGlobal
